
Microsoft Visual Studio Solution File, Format Version 11.00
# Visual Studio 2010
Project("{FAE04EC0-301F-11D3-BF4B-00C04F79EFBC}") = "RecursiveReflection", "RecursiveReflection\RecursiveReflection.csproj", "{F1A4B4EF-5284-4A6D-9A3F-F6E7AC320212}"
EndProject
Project("{FAE04EC0-301F-11D3-BF4B-00C04F79EFBC}") = "RecursiveReflection.Tests", "RecursiveReflection.Tests\RecursiveReflection.Tests.csproj", "{A5C97CEA-6604-49A2-9349-48F44F8B8EA9}"
EndProject
Global
	GlobalSection(SolutionConfigurationPlatforms) = preSolution
		Debug|Any CPU = Debug|Any CPU
		Release|Any CPU = Release|Any CPU
	EndGlobalSection
	GlobalSection(ProjectConfigurationPlatforms) = postSolution
		{F1A4B4EF-5284-4A6D-9A3F-F6E7AC320212}.Debug|Any CPU.ActiveCfg = Debug|Any CPU
		{F1A4B4EF-5284-4A6D-9A3F-F6E7AC320212}.Debug|Any CPU.Build.0 = Debug|Any CPU
		{F1A4B4EF-5284-4A6D-9A3F-F6E7AC320212}.Release|Any CPU.ActiveCfg = Release|Any CPU
		{F1A4B4EF-5284-4A6D-9A3F-F6E7AC320212}.Release|Any CPU.Build.0 = Release|Any CPU
		{A5C97CEA-6604-49A2-9349-48F44F8B8EA9}.Debug|Any CPU.ActiveCfg = Debug|Any CPU
		{A5C97CEA-6604-49A2-9349-48F44F8B8EA9}.Debug|Any CPU.Build.0 = Debug|Any CPU
		{A5C97CEA-6604-49A2-9349-48F44F8B8EA9}.Release|Any CPU.ActiveCfg = Release|Any CPU
		{A5C97CEA-6604-49A2-9349-48F44F8B8EA9}.Release|Any CPU.Build.0 = Release|Any CPU
	EndGlobalSection
	GlobalSection(SolutionProperties) = preSolution
		HideSolutionNode = FALSE
	EndGlobalSection
EndGlobal
